version = 1
revision = 3
requires-python = ">=3.11"

[[package]]
name = "aiocoap"
version = "0.4.17"
source = { registry = "https://pypi.org/simple" }
sdist = { url = "https://files.pythonhosted.org/packages/1d/7c/10483df04d7910e21d55d47ab7c014fb02644b5b58ba741161360f8e9e8d/aiocoap-0.4.17.tar.gz", hash = "sha256:464c8d2b85ec1ef435dabeaa3fb6c8256b40fadfe6ce4ca83b93acb8d555f436", size = 313536, upload-time = "2025-11-05T01:25:36.641Z" }
wheels = [
    { url = "https://files.pythonhosted.org/packages/6c/43/aa24717e6a12dd00e0a9bee405ef8d3b9643edac23876e949f23f46b55ff/aiocoap-0.4.17-py3-none-any.whl", hash = "sha256:9f8f5f09e8f2666b635d7f9c45db5d1d0e38d41479b2d83878678a9cdb5a8f3c", size = 247391, upload-time = "2025-11-05T01:25:34.704Z" },
]

[[package]]
name = "cbor2"
version = "5.8.0"
source = { registry = "https://pypi.org/simple" }
sdist = { url = "https://files.pythonhosted.org/packages/d9/8e/8b4fdde28e42ffcd741a37f4ffa9fb59cd4fe01625b544dfcfd9ccb54f01/cbor2-5.8.0.tar.gz", hash = "sha256:b19c35fcae9688ac01ef75bad5db27300c2537eb4ee00ed07e05d8456a0d4931", size = 107825, upload-time = "2025-12-30T18:44:22.455Z" }
wheels = [
    { url = "https://files.pythonhosted.org/packages/88/4b/623435ef9b98e86b6956a41863d39ff4fe4d67983948b5834f55499681dd/cbor2-5.8.0-cp311-cp311-macosx_11_0_arm64.whl", hash = "sha256:18ac191640093e6c7fbcb174c006ffec4106c3d8ab788e70272c1c4d933cbe11", size = 69875, upload-time = "2025-12-30T18:43:35.888Z" },
    { url = "https://files.pythonhosted.org/packages/58/17/f664201080b2a7d0f57c16c8e9e5922013b92f202e294863ec7e75b7ff7f/cbor2-5.8.0-cp311-cp311-manylinux2014_aarch64.manylinux_2_17_aarch64.manylinux_2_28_aarch64.whl", hash = "sha256:fddee9103a17d7bed5753f0c7fc6663faa506eb953e50d8287804eccf7b048e6", size = 268316, upload-time = "2025-12-30T18:43:37.161Z" },
    { url = "https://files.pythonhosted.org/packages/d0/e1/072745b4ff01afe9df2cd627f8fc51a1acedb5d3d1253765625d2929db91/cbor2-5.8.0-cp311-cp311-manylinux2014_x86_64.manylinux_2_17_x86_64.manylinux_2_28_x86_64.whl", hash = "sha256:8d2ea26fad620aba5e88d7541be8b10c5034a55db9a23809b7cb49f36803f05b", size = 258874, upload-time = "2025-12-30T18:43:38.878Z" },
    { url = "https://files.pythonhosted.org/packages/a7/10/61c262b886d22b62c56e8aac6d10fa06d0953c997879ab882a31a624952b/cbor2-5.8.0-cp311-cp311-musllinux_1_2_aarch64.whl", hash = "sha256:de68b4b310b072b082d317adc4c5e6910173a6d9455412e6183d72c778d1f54c", size = 261971, upload-time = "2025-12-30T18:43:40.401Z" },
    { url = "https://files.pythonhosted.org/packages/7e/42/b7862f5e64364b10ad120ea53e87ec7e891fb268cb99c572348e647cf7e9/cbor2-5.8.0-cp311-cp311-musllinux_1_2_x86_64.whl", hash = "sha256:418d2cf0e03e90160fa1474c05a40fe228bbb4a92d1628bdbbd13a48527cb34d", size = 254151, upload-time = "2025-12-30T18:43:41.938Z" },
    { url = "https://files.pythonhosted.org/packages/16/6a/8d3636cf75466c18615e7cfac0d345ee3c030f6c79535faed0c2c02b1839/cbor2-5.8.0-cp311-cp311-win_amd64.whl", hash = "sha256:453200ffa1c285ea46ab5745736a015526d41f22da09cb45594624581d959770", size = 69169, upload-time = "2025-12-30T18:43:43.424Z" },
    { url = "https://files.pythonhosted.org/packages/9b/88/79b205bf869558b39a11de70750cb13679b27ba5654a43bed3f2aee7d1b4/cbor2-5.8.0-cp311-cp311-win_arm64.whl", hash = "sha256:f6615412fca973a8b472b3efc4dab01df71cc13f15d8b2c0a1cffac44500f12d", size = 64955, upload-time = "2025-12-30T18:43:44.7Z" },
    { url = "https://files.pythonhosted.org/packages/2f/4f/3a16e3e8fd7e5fd86751a4f1aad218a8d19a96e75ec3989c3e95a8fe1d8f/cbor2-5.8.0-cp312-cp312-macosx_11_0_arm64.whl", hash = "sha256:4b3f91fa699a5ce22470e973601c62dd9d55dc3ca20ee446516ac075fcab27c9", size = 70270, upload-time = "2025-12-30T18:43:46.005Z" },
    { url = "https://files.pythonhosted.org/packages/38/81/0d0cf0796fe8081492a61c45278f03def21a929535a492dd97c8438f5dbe/cbor2-5.8.0-cp312-cp312-manylinux2014_aarch64.manylinux_2_17_aarch64.manylinux_2_28_aarch64.whl", hash = "sha256:518c118a5e00001854adb51f3164e647aa99b6a9877d2a733a28cb5c0a4d6857", size = 286242, upload-time = "2025-12-30T18:43:47.026Z" },
    { url = "https://files.pythonhosted.org/packages/7b/a9/fdab6c10190cfb8d639e01f2b168f2406fc847a2a6bc00e7de78c3381d0a/cbor2-5.8.0-cp312-cp312-manylinux2014_x86_64.manylinux_2_17_x86_64.manylinux_2_28_x86_64.whl", hash = "sha256:cff2a1999e49cd51c23d1b6786a012127fd8f722c5946e82bd7ab3eb307443f3", size = 285412, upload-time = "2025-12-30T18:43:48.563Z" },
    { url = "https://files.pythonhosted.org/packages/31/59/746a8e630996217a3afd523f583fcf7e3d16640d63f9a03f0f4e4f74b5b1/cbor2-5.8.0-cp312-cp312-musllinux_1_2_aarch64.whl", hash = "sha256:4c4492160212374973cdc14e46f0565f2462721ef922b40f7ea11e7d613dfb2a", size = 278041, upload-time = "2025-12-30T18:43:49.92Z" },
    { url = "https://files.pythonhosted.org/packages/0f/a3/f3bbeb6dedd45c6e0cddd627ea790dea295eaf82c83f0e2159b733365ebd/cbor2-5.8.0-cp312-cp312-musllinux_1_2_x86_64.whl", hash = "sha256:546c7c7c4c6bcdc54a59242e0e82cea8f332b17b4465ae628718fef1fce401ca", size = 278185, upload-time = "2025-12-30T18:43:51.192Z" },
    { url = "https://files.pythonhosted.org/packages/67/e5/9013d6b857ceb6cdb2851ffb5a887f53f2bab934a528c9d6fa73d9989d84/cbor2-5.8.0-cp312-cp312-win_amd64.whl", hash = "sha256:074f0fa7535dd7fdee247c2c99f679d94f3aa058ccb1ccf4126cc72d6d89cbae", size = 69817, upload-time = "2025-12-30T18:43:52.352Z" },
    { url = "https://files.pythonhosted.org/packages/a8/ab/7aa94ba3d44ecbc3a97bdb2fb6a8298063fe2e0b611e539a6fe41e36da20/cbor2-5.8.0-cp312-cp312-win_arm64.whl", hash = "sha256:f95fed480b2a0d843f294d2a1ef4cc0f6a83c7922927f9f558e1f5a8dc54b7ca", size = 64923, upload-time = "2025-12-30T18:43:53.719Z" },
    { url = "https://files.pythonhosted.org/packages/a6/0d/5a3f20bafaefeb2c1903d961416f051c0950f0d09e7297a3aa6941596b29/cbor2-5.8.0-cp313-cp313-macosx_11_0_arm64.whl", hash = "sha256:6d8d104480845e2f28c6165b4c961bbe58d08cb5638f368375cfcae051c28015", size = 70332, upload-time = "2025-12-30T18:43:54.694Z" },
    { url = "https://files.pythonhosted.org/packages/57/66/177a3f089e69db69c987453ab4934086408c3338551e4984734597be9f80/cbor2-5.8.0-cp313-cp313-manylinux2014_aarch64.manylinux_2_17_aarch64.manylinux_2_28_aarch64.whl", hash = "sha256:43efee947e5ab67d406d6e0dc61b5dee9d2f5e89ae176f90677a3741a20ca2e7", size = 285985, upload-time = "2025-12-30T18:43:55.733Z" },
    { url = "https://files.pythonhosted.org/packages/b7/8e/9e17b8e4ed80a2ce97e2dfa5915c169dbb31599409ddb830f514b57f96cc/cbor2-5.8.0-cp313-cp313-manylinux2014_x86_64.manylinux_2_17_x86_64.manylinux_2_28_x86_64.whl", hash = "sha256:be7ae582f50be539e09c134966d0fd63723fc4789b8dff1f6c2e3f24ae3eaf32", size = 285173, upload-time = "2025-12-30T18:43:57.321Z" },
    { url = "https://files.pythonhosted.org/packages/cc/33/9f92e107d78f88ac22723ac15d0259d220ba98c1d855e51796317f4c4114/cbor2-5.8.0-cp313-cp313-musllinux_1_2_aarch64.whl", hash = "sha256:50f5c709561a71ea7970b4cd2bf9eda4eccacc0aac212577080fdfe64183e7f5", size = 278395, upload-time = "2025-12-30T18:43:58.497Z" },
    { url = "https://files.pythonhosted.org/packages/2f/3f/46b80050a4a35ce5cf7903693864a9fdea7213567dc8faa6e25cb375c182/cbor2-5.8.0-cp313-cp313-musllinux_1_2_x86_64.whl", hash = "sha256:a6790ecc73aa93e76d2d9076fc42bf91a9e69f2295e5fa702e776dbe986465bd", size = 278330, upload-time = "2025-12-30T18:43:59.656Z" },
    { url = "https://files.pythonhosted.org/packages/eb/d2/d41f8c04c783a4d204e364be2d38043d4f732a3bed6f4c732e321cf34c7b/cbor2-5.8.0-cp313-cp313-win_amd64.whl", hash = "sha256:c114af8099fa65a19a514db87ce7a06e942d8fea2730afd49be39f8e16e7f5e0", size = 69841, upload-time = "2025-12-30T18:44:01.159Z" },
    { url = "https://files.pythonhosted.org/packages/1b/8c/0397a82f6e67665009951453c83058e4c77ba54b9a9017ede56d6870306c/cbor2-5.8.0-cp313-cp313-win_arm64.whl", hash = "sha256:ab3ba00494ad8669a459b12a558448d309c271fa4f89b116ad496ee35db38fea", size = 64982, upload-time = "2025-12-30T18:44:02.138Z" },
    { url = "https://files.pythonhosted.org/packages/4b/0c/0654233d7543ac8a50f4785f172430ddc97538ba418eb305d6e529d1a120/cbor2-5.8.0-cp314-cp314-macosx_11_0_arm64.whl", hash = "sha256:ad72381477133046ce217617d839ea4e9454f8b77d9a6351b229e214102daeb7", size = 70710, upload-time = "2025-12-30T18:44:03.209Z" },
    { url = "https://files.pythonhosted.org/packages/84/62/4671d24e557d7f5a74a01b422c538925140c0495e57decde7e566f91d029/cbor2-5.8.0-cp314-cp314-manylinux2014_aarch64.manylinux_2_17_aarch64.manylinux_2_28_aarch64.whl", hash = "sha256:6da25190fad3434ce99876b11d4ca6b8828df6ca232cf7344cd14ae1166fb718", size = 285005, upload-time = "2025-12-30T18:44:05.109Z" },
    { url = "https://files.pythonhosted.org/packages/87/85/0c67d763a08e848c9a80d7e4723ba497cce676f41bc7ca1828ae90a0a872/cbor2-5.8.0-cp314-cp314-manylinux2014_x86_64.manylinux_2_17_x86_64.manylinux_2_28_x86_64.whl", hash = "sha256:c13919e3a24c5a6d286551fa288848a4cedc3e507c58a722ccd134e461217d99", size = 282435, upload-time = "2025-12-30T18:44:06.465Z" },
    { url = "https://files.pythonhosted.org/packages/b2/01/0650972b4dbfbebcfbe37cbba7fc3cd9019a8da6397ab3446e07175e342b/cbor2-5.8.0-cp314-cp314-musllinux_1_2_aarch64.whl", hash = "sha256:f8c40d32e5972047a777f9bf730870828f3cf1c43b3eb96fd0429c57a1d3b9e6", size = 277493, upload-time = "2025-12-30T18:44:07.609Z" },
    { url = "https://files.pythonhosted.org/packages/b3/6c/7704a4f32adc7f10f3b41ec067f500a4458f7606397af5e4cf2d368fd288/cbor2-5.8.0-cp314-cp314-musllinux_1_2_x86_64.whl", hash = "sha256:7627894bc0b3d5d0807f31e3107e11b996205470c4429dc2bb4ef8bfe7f64e1e", size = 276085, upload-time = "2025-12-30T18:44:09.021Z" },
    { url = "https://files.pythonhosted.org/packages/88/6d/e43452347630efe8133f5304127539100d937c138c0996d27ec63963ec2c/cbor2-5.8.0-cp314-cp314-win_amd64.whl", hash = "sha256:b51c5e59becae746ca4de2bbaa8a2f5c64a68fec05cea62941b1a84a8335f7d1", size = 71657, upload-time = "2025-12-30T18:44:10.162Z" },
    { url = "https://files.pythonhosted.org/packages/8b/66/9a780ef34ab10a0437666232e885378cdd5f60197b1b5e61a62499e5a10a/cbor2-5.8.0-cp314-cp314-win_arm64.whl", hash = "sha256:53b630f4db4b9f477ad84077283dd17ecf9894738aa17ef4938c369958e02a71", size = 67171, upload-time = "2025-12-30T18:44:11.619Z" },
    { url = "https://files.pythonhosted.org/packages/d6/4f/101071f880b4da05771128c0b89f41e334cff044dee05fb013c8f4be661c/cbor2-5.8.0-py3-none-any.whl", hash = "sha256:3727d80f539567b03a7aa11890e57798c67092c38df9e6c23abb059e0f65069c", size = 24374, upload-time = "2025-12-30T18:44:21.476Z" },
]

[[package]]
name = "cockpit2"
version = "0.1.0"
source = { virtual = "." }
dependencies = [
    { name = "aiocoap" },
    { name = "cbor2" },
    { name = "pycoreconf" },
]

[package.metadata]
requires-dist = [
    { name = "aiocoap", specifier = ">=0.4.17" },
    { name = "cbor2", specifier = ">=5.8.0" },
    { name = "pycoreconf", git = "https://github.com/ltn22/pycoreconf.git?rev=findSID" },
]

[[package]]
name = "pycoreconf"
version = "0.1.0"
source = { git = "https://github.com/ltn22/pycoreconf.git?rev=findSID#1dd8022a67d433f11ff5c12680f1616b2f37a2e9" }
dependencies = [
    { name = "cbor2" },
]
